
Microsoft Visual Studio Solution File, Format Version 12.00
# Visual Studio Version 16
VisualStudioVersion = 16.0.29020.237
MinimumVisualStudioVersion = 10.0.40219.1
Project("{9A19103F-16F7-4668-BE54-9A1E7A4F7556}") = "Benchmarks", "src\Benchmarks\Benchmarks.csproj", "{0D10EF0D-C96F-4B8E-87D4-1B9EED9868D2}"
EndProject
Project("{9A19103F-16F7-4668-BE54-9A1E7A4F7556}") = "DotnetBenchmarks", "src\DotnetBenchmarks\DotnetBenchmarks.csproj", "{D1D2CDBE-665B-4DFB-BF5B-4F4ADCC5EEA6}"
EndProject
Project("{9A19103F-16F7-4668-BE54-9A1E7A4F7556}") = "BenchConfig", "src\BenchConfig\BenchConfig.csproj", "{77B5A7DB-318E-447A-916E-F36EB843C162}"
EndProject
Project("{9A19103F-16F7-4668-BE54-9A1E7A4F7556}") = "BenchJob", "src\BenchJob\BenchJob.csproj", "{1257A662-AA00-4C04-A9AF-CC6F13923968}"
EndProject
Global
	GlobalSection(SolutionConfigurationPlatforms) = preSolution
		Debug|Any CPU = Debug|Any CPU
		Release|Any CPU = Release|Any CPU
	EndGlobalSection
	GlobalSection(ProjectConfigurationPlatforms) = postSolution
		{0D10EF0D-C96F-4B8E-87D4-1B9EED9868D2}.Debug|Any CPU.ActiveCfg = Debug|Any CPU
		{0D10EF0D-C96F-4B8E-87D4-1B9EED9868D2}.Debug|Any CPU.Build.0 = Debug|Any CPU
		{0D10EF0D-C96F-4B8E-87D4-1B9EED9868D2}.Release|Any CPU.ActiveCfg = Release|Any CPU
		{0D10EF0D-C96F-4B8E-87D4-1B9EED9868D2}.Release|Any CPU.Build.0 = Release|Any CPU
		{D1D2CDBE-665B-4DFB-BF5B-4F4ADCC5EEA6}.Debug|Any CPU.ActiveCfg = Debug|Any CPU
		{D1D2CDBE-665B-4DFB-BF5B-4F4ADCC5EEA6}.Debug|Any CPU.Build.0 = Debug|Any CPU
		{D1D2CDBE-665B-4DFB-BF5B-4F4ADCC5EEA6}.Release|Any CPU.ActiveCfg = Release|Any CPU
		{D1D2CDBE-665B-4DFB-BF5B-4F4ADCC5EEA6}.Release|Any CPU.Build.0 = Release|Any CPU
		{77B5A7DB-318E-447A-916E-F36EB843C162}.Debug|Any CPU.ActiveCfg = Debug|Any CPU
		{77B5A7DB-318E-447A-916E-F36EB843C162}.Debug|Any CPU.Build.0 = Debug|Any CPU
		{77B5A7DB-318E-447A-916E-F36EB843C162}.Release|Any CPU.ActiveCfg = Release|Any CPU
		{77B5A7DB-318E-447A-916E-F36EB843C162}.Release|Any CPU.Build.0 = Release|Any CPU
		{1257A662-AA00-4C04-A9AF-CC6F13923968}.Debug|Any CPU.ActiveCfg = Debug|Any CPU
		{1257A662-AA00-4C04-A9AF-CC6F13923968}.Debug|Any CPU.Build.0 = Debug|Any CPU
		{1257A662-AA00-4C04-A9AF-CC6F13923968}.Release|Any CPU.ActiveCfg = Release|Any CPU
		{1257A662-AA00-4C04-A9AF-CC6F13923968}.Release|Any CPU.Build.0 = Release|Any CPU
	EndGlobalSection
	GlobalSection(SolutionProperties) = preSolution
		HideSolutionNode = FALSE
	EndGlobalSection
	GlobalSection(ExtensibilityGlobals) = postSolution
		SolutionGuid = {82FB46D1-1493-4869-A9A0-E26A79FDD5D0}
	EndGlobalSection
EndGlobal
