
Microsoft Visual Studio Solution File, Format Version 12.00
# Visual Studio Version 16
VisualStudioVersion = 16.0.29020.237
MinimumVisualStudioVersion = 10.0.40219.1
Project("{9A19103F-16F7-4668-BE54-9A1E7A4F7556}") = "benchdotnet-playground", "benchdotnet-playground.csproj", "{5A3A7E43-8AD0-4C22-96F6-F8E5616C2BF7}"
EndProject
Global
	GlobalSection(SolutionConfigurationPlatforms) = preSolution
		Debug|Any CPU = Debug|Any CPU
		Release|Any CPU = Release|Any CPU
	EndGlobalSection
	GlobalSection(ProjectConfigurationPlatforms) = postSolution
		{5A3A7E43-8AD0-4C22-96F6-F8E5616C2BF7}.Debug|Any CPU.ActiveCfg = Debug|Any CPU
		{5A3A7E43-8AD0-4C22-96F6-F8E5616C2BF7}.Debug|Any CPU.Build.0 = Debug|Any CPU
		{5A3A7E43-8AD0-4C22-96F6-F8E5616C2BF7}.Release|Any CPU.ActiveCfg = Release|Any CPU
		{5A3A7E43-8AD0-4C22-96F6-F8E5616C2BF7}.Release|Any CPU.Build.0 = Release|Any CPU
	EndGlobalSection
	GlobalSection(SolutionProperties) = preSolution
		HideSolutionNode = FALSE
	EndGlobalSection
	GlobalSection(ExtensibilityGlobals) = postSolution
		SolutionGuid = {82FB46D1-1493-4869-A9A0-E26A79FDD5D0}
	EndGlobalSection
EndGlobal
