
Microsoft Visual Studio Solution File, Format Version 12.00
# Visual Studio Version 16
VisualStudioVersion = 16.0.29102.190
MinimumVisualStudioVersion = 10.0.40219.1
Project("{9A19103F-16F7-4668-BE54-9A1E7A4F7556}") = "MemoryUsageApi", "MemoryUsageApi\MemoryUsageApi.csproj", "{F56A39F7-2326-497E-9E54-4C1076B97DF2}"
EndProject
Project("{9A19103F-16F7-4668-BE54-9A1E7A4F7556}") = "CpuStress", "CpuStress\CpuStress.csproj", "{9B0F1E17-4980-4ECF-A137-9626F9CB40A7}"
EndProject
Project("{FAE04EC0-301F-11D3-BF4B-00C04F79EFBC}") = "MemoryGenerationTypeApi", "MemoryGenerationTypeApi\MemoryGenerationTypeApi.csproj", "{3F82D6EF-03F1-4B4F-BDF3-E1D2BB6C0324}"
EndProject
Project("{FAE04EC0-301F-11D3-BF4B-00C04F79EFBC}") = "MemoryUsageGenerationType", "MemoryUsageGeneretionType\MemoryUsageGenerationType.csproj", "{EB0BD727-7357-475C-856C-23A15F290396}"
EndProject
Global
	GlobalSection(SolutionConfigurationPlatforms) = preSolution
		Debug|Any CPU = Debug|Any CPU
		Release|Any CPU = Release|Any CPU
	EndGlobalSection
	GlobalSection(ProjectConfigurationPlatforms) = postSolution
		{F56A39F7-2326-497E-9E54-4C1076B97DF2}.Debug|Any CPU.ActiveCfg = Debug|Any CPU
		{F56A39F7-2326-497E-9E54-4C1076B97DF2}.Debug|Any CPU.Build.0 = Debug|Any CPU
		{F56A39F7-2326-497E-9E54-4C1076B97DF2}.Release|Any CPU.ActiveCfg = Release|Any CPU
		{F56A39F7-2326-497E-9E54-4C1076B97DF2}.Release|Any CPU.Build.0 = Release|Any CPU
		{9B0F1E17-4980-4ECF-A137-9626F9CB40A7}.Debug|Any CPU.ActiveCfg = Debug|Any CPU
		{9B0F1E17-4980-4ECF-A137-9626F9CB40A7}.Debug|Any CPU.Build.0 = Debug|Any CPU
		{9B0F1E17-4980-4ECF-A137-9626F9CB40A7}.Release|Any CPU.ActiveCfg = Release|Any CPU
		{9B0F1E17-4980-4ECF-A137-9626F9CB40A7}.Release|Any CPU.Build.0 = Release|Any CPU
		{3F82D6EF-03F1-4B4F-BDF3-E1D2BB6C0324}.Debug|Any CPU.ActiveCfg = Debug|Any CPU
		{3F82D6EF-03F1-4B4F-BDF3-E1D2BB6C0324}.Debug|Any CPU.Build.0 = Debug|Any CPU
		{3F82D6EF-03F1-4B4F-BDF3-E1D2BB6C0324}.Release|Any CPU.ActiveCfg = Release|Any CPU
		{3F82D6EF-03F1-4B4F-BDF3-E1D2BB6C0324}.Release|Any CPU.Build.0 = Release|Any CPU
		{EB0BD727-7357-475C-856C-23A15F290396}.Debug|Any CPU.ActiveCfg = Debug|Any CPU
		{EB0BD727-7357-475C-856C-23A15F290396}.Debug|Any CPU.Build.0 = Debug|Any CPU
		{EB0BD727-7357-475C-856C-23A15F290396}.Release|Any CPU.ActiveCfg = Release|Any CPU
		{EB0BD727-7357-475C-856C-23A15F290396}.Release|Any CPU.Build.0 = Release|Any CPU
	EndGlobalSection
	GlobalSection(SolutionProperties) = preSolution
		HideSolutionNode = FALSE
	EndGlobalSection
	GlobalSection(ExtensibilityGlobals) = postSolution
		SolutionGuid = {5D09F9B6-7E5E-4BD6-8609-ABE02C05FE71}
	EndGlobalSection
EndGlobal
